{
  "originHash" : "dfd9ce127ddb477cefd5a008b9f3793a7000ef46c05af51fdae2e5e713cb0a02",
  "pins" : [
    {
      "identity" : "swiftfijos",
      "kind" : "remoteSourceControl",
      "location" : "https://github.com/stovak/SwiftFijos.git",
      "state" : {
        "revision" : "cd3897d48eefddd27cd0fbedf066268fb59c3b38",
        "version" : "1.0.1"
      }
    }
  ],
  "version" : 3
}
