{
  "originHash" : "e4eab107a8928091b9deebaa31aa8e340bec94d97933d15f648fd82471acc088",
  "pins" : [
    {
      "identity" : "swiftguion",
      "kind" : "remoteSourceControl",
      "location" : "https://github.com/intrusive-memory/SwiftGuion",
      "state" : {
        "revision" : "528121e973afe1314e24f9edc2483cd93a5ba8c7",
        "version" : "2.2.0"
      }
    },
    {
      "identity" : "swifthablare",
      "kind" : "remoteSourceControl",
      "location" : "https://github.com/intrusive-memory/SwiftHablare",
      "state" : {
        "revision" : "76aa2d51de38c48cc3497fff30f5f2eff1edfe6d",
        "version" : "2.1.0"
      }
    },
    {
      "identity" : "textbundle",
      "kind" : "remoteSourceControl",
      "location" : "https://github.com/mcritz/TextBundle.git",
      "state" : {
        "revision" : "6fd4f918150abb7c2f1bbd0cc02ebf5d5b51a1a4",
        "version" : "1.0.7"
      }
    },
    {
      "identity" : "zipfoundation",
      "kind" : "remoteSourceControl",
      "location" : "https://github.com/weichsel/ZIPFoundation",
      "state" : {
        "revision" : "22787ffb59de99e5dc1fbfe80b19c97a904ad48d",
        "version" : "0.9.20"
      }
    }
  ],
  "version" : 3
}
