// !$*UTF8*$!
{
	archiveVersion = 1;
	classes = {
	};
	objectVersion = 77;
	objects = {

/* Begin PBXBuildFile section */
		D65439CB2EA3910700D1E31C /* SwiftGuion in Frameworks */ = {isa = PBXBuildFile; productRef = D65439CA2EA3910700D1E31C /* SwiftGuion */; };
		D65439CE2EA3913800D1E31C /* SwiftHablare in Frameworks */ = {isa = PBXBuildFile; productRef = D65439CD2EA3913800D1E31C /* SwiftHablare */; };
		D6DB98432EA1E6CB00B4D81B /* SwiftGuion in Frameworks */ = {isa = PBXBuildFile; productRef = D6DB98422EA1E6CB00B4D81B /* SwiftGuion */; };
		D6DB98462EA1E6E500B4D81B /* SwiftHablare in Frameworks */ = {isa = PBXBuildFile; productRef = D6DB98452EA1E6E500B4D81B /* SwiftHablare */; };
/* End PBXBuildFile section */

/* Begin PBXContainerItemProxy section */
		D6DB98142EA1E67B00B4D81B /* PBXContainerItemProxy */ = {
			isa = PBXContainerItemProxy;
			containerPortal = D6DB97FB2EA1E67A00B4D81B /* Project object */;
			proxyType = 1;
			remoteGlobalIDString = D6DB98022EA1E67A00B4D81B;
			remoteInfo = Hablare;
		};
		D6DB981E2EA1E67B00B4D81B /* PBXContainerItemProxy */ = {
			isa = PBXContainerItemProxy;
			containerPortal = D6DB97FB2EA1E67A00B4D81B /* Project object */;
			proxyType = 1;
			remoteGlobalIDString = D6DB98022EA1E67A00B4D81B;
			remoteInfo = Hablare;
		};
/* End PBXContainerItemProxy section */

/* Begin PBXFileReference section */
		D6DB98032EA1E67A00B4D81B /* Hablare.app */ = {isa = PBXFileReference; explicitFileType = wrapper.application; includeInIndex = 0; path = Hablare.app; sourceTree = BUILT_PRODUCTS_DIR; };
		D6DB98132EA1E67B00B4D81B /* HablareTests.xctest */ = {isa = PBXFileReference; explicitFileType = wrapper.cfbundle; includeInIndex = 0; path = HablareTests.xctest; sourceTree = BUILT_PRODUCTS_DIR; };
		D6DB981D2EA1E67B00B4D81B /* HablareUITests.xctest */ = {isa = PBXFileReference; explicitFileType = wrapper.cfbundle; includeInIndex = 0; path = HablareUITests.xctest; sourceTree = BUILT_PRODUCTS_DIR; };
/* End PBXFileReference section */

/* Begin PBXFileSystemSynchronizedBuildFileExceptionSet section */
		D6DB98252EA1E67B00B4D81B /* Exceptions for "Hablare" folder in "Hablare" target */ = {
			isa = PBXFileSystemSynchronizedBuildFileExceptionSet;
			membershipExceptions = (
				Info.plist,
			);
			target = D6DB98022EA1E67A00B4D81B /* Hablare */;
		};
/* End PBXFileSystemSynchronizedBuildFileExceptionSet section */

/* Begin PBXFileSystemSynchronizedRootGroup section */
		D6DB98052EA1E67A00B4D81B /* Hablare */ = {
			isa = PBXFileSystemSynchronizedRootGroup;
			exceptions = (
				D6DB98252EA1E67B00B4D81B /* Exceptions for "Hablare" folder in "Hablare" target */,
			);
			path = Hablare;
			sourceTree = "<group>";
		};
		D6DB98162EA1E67B00B4D81B /* HablareTests */ = {
			isa = PBXFileSystemSynchronizedRootGroup;
			path = HablareTests;
			sourceTree = "<group>";
		};
		D6DB98202EA1E67B00B4D81B /* HablareUITests */ = {
			isa = PBXFileSystemSynchronizedRootGroup;
			path = HablareUITests;
			sourceTree = "<group>";
		};
/* End PBXFileSystemSynchronizedRootGroup section */

/* Begin PBXFrameworksBuildPhase section */
		D6DB98002EA1E67A00B4D81B /* Frameworks */ = {
			isa = PBXFrameworksBuildPhase;
			buildActionMask = 2147483647;
			files = (
				D65439CE2EA3913800D1E31C /* SwiftHablare in Frameworks */,
				D6DB98462EA1E6E500B4D81B /* SwiftHablare in Frameworks */,
				D6DB98432EA1E6CB00B4D81B /* SwiftGuion in Frameworks */,
				D65439CB2EA3910700D1E31C /* SwiftGuion in Frameworks */,
			);
			runOnlyForDeploymentPostprocessing = 0;
		};
		D6DB98102EA1E67B00B4D81B /* Frameworks */ = {
			isa = PBXFrameworksBuildPhase;
			buildActionMask = 2147483647;
			files = (
			);
			runOnlyForDeploymentPostprocessing = 0;
		};
		D6DB981A2EA1E67B00B4D81B /* Frameworks */ = {
			isa = PBXFrameworksBuildPhase;
			buildActionMask = 2147483647;
			files = (
			);
			runOnlyForDeploymentPostprocessing = 0;
		};
/* End PBXFrameworksBuildPhase section */

/* Begin PBXGroup section */
		D6DB97FA2EA1E67A00B4D81B = {
			isa = PBXGroup;
			children = (
				D6DB98052EA1E67A00B4D81B /* Hablare */,
				D6DB98162EA1E67B00B4D81B /* HablareTests */,
				D6DB98202EA1E67B00B4D81B /* HablareUITests */,
				D6DB98042EA1E67A00B4D81B /* Products */,
			);
			sourceTree = "<group>";
		};
		D6DB98042EA1E67A00B4D81B /* Products */ = {
			isa = PBXGroup;
			children = (
				D6DB98032EA1E67A00B4D81B /* Hablare.app */,
				D6DB98132EA1E67B00B4D81B /* HablareTests.xctest */,
				D6DB981D2EA1E67B00B4D81B /* HablareUITests.xctest */,
			);
			name = Products;
			sourceTree = "<group>";
		};
/* End PBXGroup section */

/* Begin PBXNativeTarget section */
		D6DB98022EA1E67A00B4D81B /* Hablare */ = {
			isa = PBXNativeTarget;
			buildConfigurationList = D6DB98262EA1E67B00B4D81B /* Build configuration list for PBXNativeTarget "Hablare" */;
			buildPhases = (
				D6DB97FF2EA1E67A00B4D81B /* Sources */,
				D6DB98002EA1E67A00B4D81B /* Frameworks */,
				D6DB98012EA1E67A00B4D81B /* Resources */,
			);
			buildRules = (
			);
			dependencies = (
			);
			fileSystemSynchronizedGroups = (
				D6DB98052EA1E67A00B4D81B /* Hablare */,
			);
			name = Hablare;
			packageProductDependencies = (
				D6DB98422EA1E6CB00B4D81B /* SwiftGuion */,
				D6DB98452EA1E6E500B4D81B /* SwiftHablare */,
				D65439CA2EA3910700D1E31C /* SwiftGuion */,
				D65439CD2EA3913800D1E31C /* SwiftHablare */,
			);
			productName = Hablare;
			productReference = D6DB98032EA1E67A00B4D81B /* Hablare.app */;
			productType = "com.apple.product-type.application";
		};
		D6DB98122EA1E67B00B4D81B /* HablareTests */ = {
			isa = PBXNativeTarget;
			buildConfigurationList = D6DB982B2EA1E67B00B4D81B /* Build configuration list for PBXNativeTarget "HablareTests" */;
			buildPhases = (
				D6DB980F2EA1E67B00B4D81B /* Sources */,
				D6DB98102EA1E67B00B4D81B /* Frameworks */,
				D6DB98112EA1E67B00B4D81B /* Resources */,
			);
			buildRules = (
			);
			dependencies = (
				D6DB98152EA1E67B00B4D81B /* PBXTargetDependency */,
			);
			fileSystemSynchronizedGroups = (
				D6DB98162EA1E67B00B4D81B /* HablareTests */,
			);
			name = HablareTests;
			packageProductDependencies = (
			);
			productName = HablareTests;
			productReference = D6DB98132EA1E67B00B4D81B /* HablareTests.xctest */;
			productType = "com.apple.product-type.bundle.unit-test";
		};
		D6DB981C2EA1E67B00B4D81B /* HablareUITests */ = {
			isa = PBXNativeTarget;
			buildConfigurationList = D6DB982E2EA1E67B00B4D81B /* Build configuration list for PBXNativeTarget "HablareUITests" */;
			buildPhases = (
				D6DB98192EA1E67B00B4D81B /* Sources */,
				D6DB981A2EA1E67B00B4D81B /* Frameworks */,
				D6DB981B2EA1E67B00B4D81B /* Resources */,
			);
			buildRules = (
			);
			dependencies = (
				D6DB981F2EA1E67B00B4D81B /* PBXTargetDependency */,
			);
			fileSystemSynchronizedGroups = (
				D6DB98202EA1E67B00B4D81B /* HablareUITests */,
			);
			name = HablareUITests;
			packageProductDependencies = (
			);
			productName = HablareUITests;
			productReference = D6DB981D2EA1E67B00B4D81B /* HablareUITests.xctest */;
			productType = "com.apple.product-type.bundle.ui-testing";
		};
/* End PBXNativeTarget section */

/* Begin PBXProject section */
		D6DB97FB2EA1E67A00B4D81B /* Project object */ = {
			isa = PBXProject;
			attributes = {
				BuildIndependentTargetsInParallel = 1;
				LastSwiftUpdateCheck = 2600;
				LastUpgradeCheck = 2600;
				TargetAttributes = {
					D6DB98022EA1E67A00B4D81B = {
						CreatedOnToolsVersion = 26.0.1;
					};
					D6DB98122EA1E67B00B4D81B = {
						CreatedOnToolsVersion = 26.0.1;
						TestTargetID = D6DB98022EA1E67A00B4D81B;
					};
					D6DB981C2EA1E67B00B4D81B = {
						CreatedOnToolsVersion = 26.0.1;
						TestTargetID = D6DB98022EA1E67A00B4D81B;
					};
				};
			};
			buildConfigurationList = D6DB97FE2EA1E67A00B4D81B /* Build configuration list for PBXProject "Hablare" */;
			developmentRegion = en;
			hasScannedForEncodings = 0;
			knownRegions = (
				en,
				Base,
			);
			mainGroup = D6DB97FA2EA1E67A00B4D81B;
			minimizedProjectReferenceProxies = 1;
			packageReferences = (
				D65439C92EA3910700D1E31C /* XCRemoteSwiftPackageReference "SwiftGuion" */,
				D65439CC2EA3913800D1E31C /* XCRemoteSwiftPackageReference "SwiftHablare" */,
			);
			preferredProjectObjectVersion = 77;
			productRefGroup = D6DB98042EA1E67A00B4D81B /* Products */;
			projectDirPath = "";
			projectRoot = "";
			targets = (
				D6DB98022EA1E67A00B4D81B /* Hablare */,
				D6DB98122EA1E67B00B4D81B /* HablareTests */,
				D6DB981C2EA1E67B00B4D81B /* HablareUITests */,
			);
		};
/* End PBXProject section */

/* Begin PBXResourcesBuildPhase section */
		D6DB98012EA1E67A00B4D81B /* Resources */ = {
			isa = PBXResourcesBuildPhase;
			buildActionMask = 2147483647;
			files = (
			);
			runOnlyForDeploymentPostprocessing = 0;
		};
		D6DB98112EA1E67B00B4D81B /* Resources */ = {
			isa = PBXResourcesBuildPhase;
			buildActionMask = 2147483647;
			files = (
			);
			runOnlyForDeploymentPostprocessing = 0;
		};
		D6DB981B2EA1E67B00B4D81B /* Resources */ = {
			isa = PBXResourcesBuildPhase;
			buildActionMask = 2147483647;
			files = (
			);
			runOnlyForDeploymentPostprocessing = 0;
		};
/* End PBXResourcesBuildPhase section */

/* Begin PBXSourcesBuildPhase section */
		D6DB97FF2EA1E67A00B4D81B /* Sources */ = {
			isa = PBXSourcesBuildPhase;
			buildActionMask = 2147483647;
			files = (
			);
			runOnlyForDeploymentPostprocessing = 0;
		};
		D6DB980F2EA1E67B00B4D81B /* Sources */ = {
			isa = PBXSourcesBuildPhase;
			buildActionMask = 2147483647;
			files = (
			);
			runOnlyForDeploymentPostprocessing = 0;
		};
		D6DB98192EA1E67B00B4D81B /* Sources */ = {
			isa = PBXSourcesBuildPhase;
			buildActionMask = 2147483647;
			files = (
			);
			runOnlyForDeploymentPostprocessing = 0;
		};
/* End PBXSourcesBuildPhase section */

/* Begin PBXTargetDependency section */
		D6DB98152EA1E67B00B4D81B /* PBXTargetDependency */ = {
			isa = PBXTargetDependency;
			target = D6DB98022EA1E67A00B4D81B /* Hablare */;
			targetProxy = D6DB98142EA1E67B00B4D81B /* PBXContainerItemProxy */;
		};
		D6DB981F2EA1E67B00B4D81B /* PBXTargetDependency */ = {
			isa = PBXTargetDependency;
			target = D6DB98022EA1E67A00B4D81B /* Hablare */;
			targetProxy = D6DB981E2EA1E67B00B4D81B /* PBXContainerItemProxy */;
		};
/* End PBXTargetDependency section */

/* Begin XCBuildConfiguration section */
		D6DB98272EA1E67B00B4D81B /* Debug */ = {
			isa = XCBuildConfiguration;
			buildSettings = {
				ASSETCATALOG_COMPILER_APPICON_NAME = AppIcon;
				ASSETCATALOG_COMPILER_GLOBAL_ACCENT_COLOR_NAME = AccentColor;
				CODE_SIGN_STYLE = Automatic;
				CURRENT_PROJECT_VERSION = 1;
				DEVELOPMENT_TEAM = H3EJ6Y8VJ6;
				ENABLE_APP_SANDBOX = YES;
				ENABLE_HARDENED_RUNTIME = YES;
				ENABLE_PREVIEWS = YES;
				ENABLE_USER_SELECTED_FILES = readwrite;
				GENERATE_INFOPLIST_FILE = YES;
				INFOPLIST_FILE = Hablare/Info.plist;
				"INFOPLIST_KEY_UIApplicationSceneManifest_Generation[sdk=iphoneos*]" = YES;
				"INFOPLIST_KEY_UIApplicationSceneManifest_Generation[sdk=iphonesimulator*]" = YES;
				"INFOPLIST_KEY_UIApplicationSupportsIndirectInputEvents[sdk=iphoneos*]" = YES;
				"INFOPLIST_KEY_UIApplicationSupportsIndirectInputEvents[sdk=iphonesimulator*]" = YES;
				"INFOPLIST_KEY_UILaunchScreen_Generation[sdk=iphoneos*]" = YES;
				"INFOPLIST_KEY_UILaunchScreen_Generation[sdk=iphonesimulator*]" = YES;
				"INFOPLIST_KEY_UIStatusBarStyle[sdk=iphoneos*]" = UIStatusBarStyleDefault;
				"INFOPLIST_KEY_UIStatusBarStyle[sdk=iphonesimulator*]" = UIStatusBarStyleDefault;
				INFOPLIST_KEY_UISupportedInterfaceOrientations_iPad = "UIInterfaceOrientationPortrait UIInterfaceOrientationPortraitUpsideDown UIInterfaceOrientationLandscapeLeft UIInterfaceOrientationLandscapeRight";
				INFOPLIST_KEY_UISupportedInterfaceOrientations_iPhone = "UIInterfaceOrientationPortrait UIInterfaceOrientationLandscapeLeft UIInterfaceOrientationLandscapeRight";
				"INFOPLIST_KEY_UISupportsDocumentBrowser[sdk=iphoneos*]" = YES;
				"INFOPLIST_KEY_UISupportsDocumentBrowser[sdk=iphonesimulator*]" = YES;
				IPHONEOS_DEPLOYMENT_TARGET = 26.0;
				LD_RUNPATH_SEARCH_PATHS = "@executable_path/Frameworks";
				"LD_RUNPATH_SEARCH_PATHS[sdk=macosx*]" = "@executable_path/../Frameworks";
				MACOSX_DEPLOYMENT_TARGET = 26.0;
				MARKETING_VERSION = 1.0;
				PRODUCT_BUNDLE_IDENTIFIER = io.stovak.Hablare;
				PRODUCT_NAME = "$(TARGET_NAME)";
				REGISTER_APP_GROUPS = YES;
				SDKROOT = auto;
				STRING_CATALOG_GENERATE_SYMBOLS = YES;
				SUPPORTED_PLATFORMS = "iphoneos iphonesimulator macosx xros xrsimulator";
				SWIFT_APPROACHABLE_CONCURRENCY = YES;
				SWIFT_DEFAULT_ACTOR_ISOLATION = MainActor;
				SWIFT_EMIT_LOC_STRINGS = YES;
				SWIFT_UPCOMING_FEATURE_MEMBER_IMPORT_VISIBILITY = YES;
				SWIFT_VERSION = 5.0;
				TARGETED_DEVICE_FAMILY = "1,2,7";
				XROS_DEPLOYMENT_TARGET = 26.0;
			};
			name = Debug;
		};
		D6DB98282EA1E67B00B4D81B /* Release */ = {
			isa = XCBuildConfiguration;
			buildSettings = {
				ASSETCATALOG_COMPILER_APPICON_NAME = AppIcon;
				ASSETCATALOG_COMPILER_GLOBAL_ACCENT_COLOR_NAME = AccentColor;
				CODE_SIGN_STYLE = Automatic;
				CURRENT_PROJECT_VERSION = 1;
				DEVELOPMENT_TEAM = H3EJ6Y8VJ6;
				ENABLE_APP_SANDBOX = YES;
				ENABLE_HARDENED_RUNTIME = YES;
				ENABLE_PREVIEWS = YES;
				ENABLE_USER_SELECTED_FILES = readwrite;
				GENERATE_INFOPLIST_FILE = YES;
				INFOPLIST_FILE = Hablare/Info.plist;
				"INFOPLIST_KEY_UIApplicationSceneManifest_Generation[sdk=iphoneos*]" = YES;
				"INFOPLIST_KEY_UIApplicationSceneManifest_Generation[sdk=iphonesimulator*]" = YES;
				"INFOPLIST_KEY_UIApplicationSupportsIndirectInputEvents[sdk=iphoneos*]" = YES;
				"INFOPLIST_KEY_UIApplicationSupportsIndirectInputEvents[sdk=iphonesimulator*]" = YES;
				"INFOPLIST_KEY_UILaunchScreen_Generation[sdk=iphoneos*]" = YES;
				"INFOPLIST_KEY_UILaunchScreen_Generation[sdk=iphonesimulator*]" = YES;
				"INFOPLIST_KEY_UIStatusBarStyle[sdk=iphoneos*]" = UIStatusBarStyleDefault;
				"INFOPLIST_KEY_UIStatusBarStyle[sdk=iphonesimulator*]" = UIStatusBarStyleDefault;
				INFOPLIST_KEY_UISupportedInterfaceOrientations_iPad = "UIInterfaceOrientationPortrait UIInterfaceOrientationPortraitUpsideDown UIInterfaceOrientationLandscapeLeft UIInterfaceOrientationLandscapeRight";
				INFOPLIST_KEY_UISupportedInterfaceOrientations_iPhone = "UIInterfaceOrientationPortrait UIInterfaceOrientationLandscapeLeft UIInterfaceOrientationLandscapeRight";
				"INFOPLIST_KEY_UISupportsDocumentBrowser[sdk=iphoneos*]" = YES;
				"INFOPLIST_KEY_UISupportsDocumentBrowser[sdk=iphonesimulator*]" = YES;
				IPHONEOS_DEPLOYMENT_TARGET = 26.0;
				LD_RUNPATH_SEARCH_PATHS = "@executable_path/Frameworks";
				"LD_RUNPATH_SEARCH_PATHS[sdk=macosx*]" = "@executable_path/../Frameworks";
				MACOSX_DEPLOYMENT_TARGET = 26.0;
				MARKETING_VERSION = 1.0;
				PRODUCT_BUNDLE_IDENTIFIER = io.stovak.Hablare;
				PRODUCT_NAME = "$(TARGET_NAME)";
				REGISTER_APP_GROUPS = YES;
				SDKROOT = auto;
				STRING_CATALOG_GENERATE_SYMBOLS = YES;
				SUPPORTED_PLATFORMS = "iphoneos iphonesimulator macosx xros xrsimulator";
				SWIFT_APPROACHABLE_CONCURRENCY = YES;
				SWIFT_DEFAULT_ACTOR_ISOLATION = MainActor;
				SWIFT_EMIT_LOC_STRINGS = YES;
				SWIFT_UPCOMING_FEATURE_MEMBER_IMPORT_VISIBILITY = YES;
				SWIFT_VERSION = 5.0;
				TARGETED_DEVICE_FAMILY = "1,2,7";
				XROS_DEPLOYMENT_TARGET = 26.0;
			};
			name = Release;
		};
		D6DB98292EA1E67B00B4D81B /* Debug */ = {
			isa = XCBuildConfiguration;
			buildSettings = {
				ALWAYS_SEARCH_USER_PATHS = NO;
				ASSETCATALOG_COMPILER_GENERATE_SWIFT_ASSET_SYMBOL_EXTENSIONS = YES;
				CLANG_ANALYZER_NONNULL = YES;
				CLANG_ANALYZER_NUMBER_OBJECT_CONVERSION = YES_AGGRESSIVE;
				CLANG_CXX_LANGUAGE_STANDARD = "gnu++20";
				CLANG_ENABLE_MODULES = YES;
				CLANG_ENABLE_OBJC_ARC = YES;
				CLANG_ENABLE_OBJC_WEAK = YES;
				CLANG_WARN_BLOCK_CAPTURE_AUTORELEASING = YES;
				CLANG_WARN_BOOL_CONVERSION = YES;
				CLANG_WARN_COMMA = YES;
				CLANG_WARN_CONSTANT_CONVERSION = YES;
				CLANG_WARN_DEPRECATED_OBJC_IMPLEMENTATIONS = YES;
				CLANG_WARN_DIRECT_OBJC_ISA_USAGE = YES_ERROR;
				CLANG_WARN_DOCUMENTATION_COMMENTS = YES;
				CLANG_WARN_EMPTY_BODY = YES;
				CLANG_WARN_ENUM_CONVERSION = YES;
				CLANG_WARN_INFINITE_RECURSION = YES;
				CLANG_WARN_INT_CONVERSION = YES;
				CLANG_WARN_NON_LITERAL_NULL_CONVERSION = YES;
				CLANG_WARN_OBJC_IMPLICIT_RETAIN_SELF = YES;
				CLANG_WARN_OBJC_LITERAL_CONVERSION = YES;
				CLANG_WARN_OBJC_ROOT_CLASS = YES_ERROR;
				CLANG_WARN_QUOTED_INCLUDE_IN_FRAMEWORK_HEADER = YES;
				CLANG_WARN_RANGE_LOOP_ANALYSIS = YES;
				CLANG_WARN_STRICT_PROTOTYPES = YES;
				CLANG_WARN_SUSPICIOUS_MOVE = YES;
				CLANG_WARN_UNGUARDED_AVAILABILITY = YES_AGGRESSIVE;
				CLANG_WARN_UNREACHABLE_CODE = YES;
				CLANG_WARN__DUPLICATE_METHOD_MATCH = YES;
				COPY_PHASE_STRIP = NO;
				DEBUG_INFORMATION_FORMAT = dwarf;
				DEVELOPMENT_TEAM = H3EJ6Y8VJ6;
				ENABLE_STRICT_OBJC_MSGSEND = YES;
				ENABLE_TESTABILITY = YES;
				ENABLE_USER_SCRIPT_SANDBOXING = YES;
				GCC_C_LANGUAGE_STANDARD = gnu17;
				GCC_DYNAMIC_NO_PIC = NO;
				GCC_NO_COMMON_BLOCKS = YES;
				GCC_OPTIMIZATION_LEVEL = 0;
				GCC_PREPROCESSOR_DEFINITIONS = (
					"DEBUG=1",
					"$(inherited)",
				);
				GCC_WARN_64_TO_32_BIT_CONVERSION = YES;
				GCC_WARN_ABOUT_RETURN_TYPE = YES_ERROR;
				GCC_WARN_UNDECLARED_SELECTOR = YES;
				GCC_WARN_UNINITIALIZED_AUTOS = YES_AGGRESSIVE;
				GCC_WARN_UNUSED_FUNCTION = YES;
				GCC_WARN_UNUSED_VARIABLE = YES;
				LOCALIZATION_PREFERS_STRING_CATALOGS = YES;
				MTL_ENABLE_DEBUG_INFO = INCLUDE_SOURCE;
				MTL_FAST_MATH = YES;
				ONLY_ACTIVE_ARCH = YES;
				SWIFT_ACTIVE_COMPILATION_CONDITIONS = "DEBUG $(inherited)";
				SWIFT_OPTIMIZATION_LEVEL = "-Onone";
			};
			name = Debug;
		};
		D6DB982A2EA1E67B00B4D81B /* Release */ = {
			isa = XCBuildConfiguration;
			buildSettings = {
				ALWAYS_SEARCH_USER_PATHS = NO;
				ASSETCATALOG_COMPILER_GENERATE_SWIFT_ASSET_SYMBOL_EXTENSIONS = YES;
				CLANG_ANALYZER_NONNULL = YES;
				CLANG_ANALYZER_NUMBER_OBJECT_CONVERSION = YES_AGGRESSIVE;
				CLANG_CXX_LANGUAGE_STANDARD = "gnu++20";
				CLANG_ENABLE_MODULES = YES;
				CLANG_ENABLE_OBJC_ARC = YES;
				CLANG_ENABLE_OBJC_WEAK = YES;
				CLANG_WARN_BLOCK_CAPTURE_AUTORELEASING = YES;
				CLANG_WARN_BOOL_CONVERSION = YES;
				CLANG_WARN_COMMA = YES;
				CLANG_WARN_CONSTANT_CONVERSION = YES;
				CLANG_WARN_DEPRECATED_OBJC_IMPLEMENTATIONS = YES;
				CLANG_WARN_DIRECT_OBJC_ISA_USAGE = YES_ERROR;
				CLANG_WARN_DOCUMENTATION_COMMENTS = YES;
				CLANG_WARN_EMPTY_BODY = YES;
				CLANG_WARN_ENUM_CONVERSION = YES;
				CLANG_WARN_INFINITE_RECURSION = YES;
				CLANG_WARN_INT_CONVERSION = YES;
				CLANG_WARN_NON_LITERAL_NULL_CONVERSION = YES;
				CLANG_WARN_OBJC_IMPLICIT_RETAIN_SELF = YES;
				CLANG_WARN_OBJC_LITERAL_CONVERSION = YES;
				CLANG_WARN_OBJC_ROOT_CLASS = YES_ERROR;
				CLANG_WARN_QUOTED_INCLUDE_IN_FRAMEWORK_HEADER = YES;
				CLANG_WARN_RANGE_LOOP_ANALYSIS = YES;
				CLANG_WARN_STRICT_PROTOTYPES = YES;
				CLANG_WARN_SUSPICIOUS_MOVE = YES;
				CLANG_WARN_UNGUARDED_AVAILABILITY = YES_AGGRESSIVE;
				CLANG_WARN_UNREACHABLE_CODE = YES;
				CLANG_WARN__DUPLICATE_METHOD_MATCH = YES;
				COPY_PHASE_STRIP = NO;
				DEBUG_INFORMATION_FORMAT = "dwarf-with-dsym";
				DEVELOPMENT_TEAM = H3EJ6Y8VJ6;
				ENABLE_NS_ASSERTIONS = NO;
				ENABLE_STRICT_OBJC_MSGSEND = YES;
				ENABLE_USER_SCRIPT_SANDBOXING = YES;
				GCC_C_LANGUAGE_STANDARD = gnu17;
				GCC_NO_COMMON_BLOCKS = YES;
				GCC_WARN_64_TO_32_BIT_CONVERSION = YES;
				GCC_WARN_ABOUT_RETURN_TYPE = YES_ERROR;
				GCC_WARN_UNDECLARED_SELECTOR = YES;
				GCC_WARN_UNINITIALIZED_AUTOS = YES_AGGRESSIVE;
				GCC_WARN_UNUSED_FUNCTION = YES;
				GCC_WARN_UNUSED_VARIABLE = YES;
				LOCALIZATION_PREFERS_STRING_CATALOGS = YES;
				MTL_ENABLE_DEBUG_INFO = NO;
				MTL_FAST_MATH = YES;
				SWIFT_COMPILATION_MODE = wholemodule;
			};
			name = Release;
		};
		D6DB982C2EA1E67B00B4D81B /* Debug */ = {
			isa = XCBuildConfiguration;
			buildSettings = {
				BUNDLE_LOADER = "$(TEST_HOST)";
				CODE_SIGN_STYLE = Automatic;
				CURRENT_PROJECT_VERSION = 1;
				DEVELOPMENT_TEAM = H3EJ6Y8VJ6;
				GENERATE_INFOPLIST_FILE = YES;
				IPHONEOS_DEPLOYMENT_TARGET = 26.0;
				MACOSX_DEPLOYMENT_TARGET = 26.0;
				MARKETING_VERSION = 1.0;
				PRODUCT_BUNDLE_IDENTIFIER = io.stovak.HablareTests;
				PRODUCT_NAME = "$(TARGET_NAME)";
				SDKROOT = auto;
				STRING_CATALOG_GENERATE_SYMBOLS = NO;
				SUPPORTED_PLATFORMS = "iphoneos iphonesimulator macosx xros xrsimulator";
				SWIFT_APPROACHABLE_CONCURRENCY = YES;
				SWIFT_EMIT_LOC_STRINGS = NO;
				SWIFT_UPCOMING_FEATURE_MEMBER_IMPORT_VISIBILITY = YES;
				SWIFT_VERSION = 5.0;
				TARGETED_DEVICE_FAMILY = "1,2,7";
				TEST_HOST = "$(BUILT_PRODUCTS_DIR)/Hablare.app/$(BUNDLE_EXECUTABLE_FOLDER_PATH)/Hablare";
				XROS_DEPLOYMENT_TARGET = 26.0;
			};
			name = Debug;
		};
		D6DB982D2EA1E67B00B4D81B /* Release */ = {
			isa = XCBuildConfiguration;
			buildSettings = {
				BUNDLE_LOADER = "$(TEST_HOST)";
				CODE_SIGN_STYLE = Automatic;
				CURRENT_PROJECT_VERSION = 1;
				DEVELOPMENT_TEAM = H3EJ6Y8VJ6;
				GENERATE_INFOPLIST_FILE = YES;
				IPHONEOS_DEPLOYMENT_TARGET = 26.0;
				MACOSX_DEPLOYMENT_TARGET = 26.0;
				MARKETING_VERSION = 1.0;
				PRODUCT_BUNDLE_IDENTIFIER = io.stovak.HablareTests;
				PRODUCT_NAME = "$(TARGET_NAME)";
				SDKROOT = auto;
				STRING_CATALOG_GENERATE_SYMBOLS = NO;
				SUPPORTED_PLATFORMS = "iphoneos iphonesimulator macosx xros xrsimulator";
				SWIFT_APPROACHABLE_CONCURRENCY = YES;
				SWIFT_EMIT_LOC_STRINGS = NO;
				SWIFT_UPCOMING_FEATURE_MEMBER_IMPORT_VISIBILITY = YES;
				SWIFT_VERSION = 5.0;
				TARGETED_DEVICE_FAMILY = "1,2,7";
				TEST_HOST = "$(BUILT_PRODUCTS_DIR)/Hablare.app/$(BUNDLE_EXECUTABLE_FOLDER_PATH)/Hablare";
				XROS_DEPLOYMENT_TARGET = 26.0;
			};
			name = Release;
		};
		D6DB982F2EA1E67B00B4D81B /* Debug */ = {
			isa = XCBuildConfiguration;
			buildSettings = {
				CODE_SIGN_STYLE = Automatic;
				CURRENT_PROJECT_VERSION = 1;
				DEVELOPMENT_TEAM = H3EJ6Y8VJ6;
				GENERATE_INFOPLIST_FILE = YES;
				IPHONEOS_DEPLOYMENT_TARGET = 26.0;
				MACOSX_DEPLOYMENT_TARGET = 26.0;
				MARKETING_VERSION = 1.0;
				PRODUCT_BUNDLE_IDENTIFIER = io.stovak.HablareUITests;
				PRODUCT_NAME = "$(TARGET_NAME)";
				SDKROOT = auto;
				STRING_CATALOG_GENERATE_SYMBOLS = NO;
				SUPPORTED_PLATFORMS = "iphoneos iphonesimulator macosx xros xrsimulator";
				SWIFT_APPROACHABLE_CONCURRENCY = YES;
				SWIFT_EMIT_LOC_STRINGS = NO;
				SWIFT_UPCOMING_FEATURE_MEMBER_IMPORT_VISIBILITY = YES;
				SWIFT_VERSION = 5.0;
				TARGETED_DEVICE_FAMILY = "1,2,7";
				TEST_TARGET_NAME = Hablare;
				XROS_DEPLOYMENT_TARGET = 26.0;
			};
			name = Debug;
		};
		D6DB98302EA1E67B00B4D81B /* Release */ = {
			isa = XCBuildConfiguration;
			buildSettings = {
				CODE_SIGN_STYLE = Automatic;
				CURRENT_PROJECT_VERSION = 1;
				DEVELOPMENT_TEAM = H3EJ6Y8VJ6;
				GENERATE_INFOPLIST_FILE = YES;
				IPHONEOS_DEPLOYMENT_TARGET = 26.0;
				MACOSX_DEPLOYMENT_TARGET = 26.0;
				MARKETING_VERSION = 1.0;
				PRODUCT_BUNDLE_IDENTIFIER = io.stovak.HablareUITests;
				PRODUCT_NAME = "$(TARGET_NAME)";
				SDKROOT = auto;
				STRING_CATALOG_GENERATE_SYMBOLS = NO;
				SUPPORTED_PLATFORMS = "iphoneos iphonesimulator macosx xros xrsimulator";
				SWIFT_APPROACHABLE_CONCURRENCY = YES;
				SWIFT_EMIT_LOC_STRINGS = NO;
				SWIFT_UPCOMING_FEATURE_MEMBER_IMPORT_VISIBILITY = YES;
				SWIFT_VERSION = 5.0;
				TARGETED_DEVICE_FAMILY = "1,2,7";
				TEST_TARGET_NAME = Hablare;
				XROS_DEPLOYMENT_TARGET = 26.0;
			};
			name = Release;
		};
/* End XCBuildConfiguration section */

/* Begin XCConfigurationList section */
		D6DB97FE2EA1E67A00B4D81B /* Build configuration list for PBXProject "Hablare" */ = {
			isa = XCConfigurationList;
			buildConfigurations = (
				D6DB98292EA1E67B00B4D81B /* Debug */,
				D6DB982A2EA1E67B00B4D81B /* Release */,
			);
			defaultConfigurationIsVisible = 0;
			defaultConfigurationName = Release;
		};
		D6DB98262EA1E67B00B4D81B /* Build configuration list for PBXNativeTarget "Hablare" */ = {
			isa = XCConfigurationList;
			buildConfigurations = (
				D6DB98272EA1E67B00B4D81B /* Debug */,
				D6DB98282EA1E67B00B4D81B /* Release */,
			);
			defaultConfigurationIsVisible = 0;
			defaultConfigurationName = Release;
		};
		D6DB982B2EA1E67B00B4D81B /* Build configuration list for PBXNativeTarget "HablareTests" */ = {
			isa = XCConfigurationList;
			buildConfigurations = (
				D6DB982C2EA1E67B00B4D81B /* Debug */,
				D6DB982D2EA1E67B00B4D81B /* Release */,
			);
			defaultConfigurationIsVisible = 0;
			defaultConfigurationName = Release;
		};
		D6DB982E2EA1E67B00B4D81B /* Build configuration list for PBXNativeTarget "HablareUITests" */ = {
			isa = XCConfigurationList;
			buildConfigurations = (
				D6DB982F2EA1E67B00B4D81B /* Debug */,
				D6DB98302EA1E67B00B4D81B /* Release */,
			);
			defaultConfigurationIsVisible = 0;
			defaultConfigurationName = Release;
		};
/* End XCConfigurationList section */

/* Begin XCRemoteSwiftPackageReference section */
		D65439C92EA3910700D1E31C /* XCRemoteSwiftPackageReference "SwiftGuion" */ = {
			isa = XCRemoteSwiftPackageReference;
			repositoryURL = "https://github.com/intrusive-memory/SwiftGuion";
			requirement = {
				kind = upToNextMajorVersion;
				minimumVersion = 2.1.1;
			};
		};
		D65439CC2EA3913800D1E31C /* XCRemoteSwiftPackageReference "SwiftHablare" */ = {
			isa = XCRemoteSwiftPackageReference;
			repositoryURL = "https://github.com/intrusive-memory/SwiftHablare";
			requirement = {
				kind = upToNextMajorVersion;
				minimumVersion = 2.1.0;
			};
		};
/* End XCRemoteSwiftPackageReference section */

/* Begin XCSwiftPackageProductDependency section */
		D65439CA2EA3910700D1E31C /* SwiftGuion */ = {
			isa = XCSwiftPackageProductDependency;
			package = D65439C92EA3910700D1E31C /* XCRemoteSwiftPackageReference "SwiftGuion" */;
			productName = SwiftGuion;
		};
		D65439CD2EA3913800D1E31C /* SwiftHablare */ = {
			isa = XCSwiftPackageProductDependency;
			package = D65439CC2EA3913800D1E31C /* XCRemoteSwiftPackageReference "SwiftHablare" */;
			productName = SwiftHablare;
		};
		D6DB98422EA1E6CB00B4D81B /* SwiftGuion */ = {
			isa = XCSwiftPackageProductDependency;
			productName = SwiftGuion;
		};
		D6DB98452EA1E6E500B4D81B /* SwiftHablare */ = {
			isa = XCSwiftPackageProductDependency;
			productName = SwiftHablare;
		};
/* End XCSwiftPackageProductDependency section */
	};
	rootObject = D6DB97FB2EA1E67A00B4D81B /* Project object */;
}
